PODS:
  - FileProvider (0.3.2)
  - SCLAlertView (0.5.9)

DEPENDENCIES:
  - FileProvider
  - SCLAlertView

SPEC CHECKSUMS:
  FileProvider: f0ae91c676a6ba052f04952d36193b05ea699ad2
  SCLAlertView: d7c6a48c7d340e60206d4ed0e8ebcbff3b9d2a44

PODFILE CHECKSUM: 0820c8ce2d5cff0cebca8fd53333be3d4b1ca343

COCOAPODS: 1.0.1
