// !$*UTF8*$!
{
	archiveVersion = 1;
	classes = {
	};
	objectVersion = 46;
	objects = {

/* Begin PBXBuildFile section */
		48E095DA774E99BA7FEB653C /* Pods_fileProviderDemo.framework in Frameworks */ = {isa = PBXBuildFile; fileRef = EE1758D4C9BA0DA25BC28FD5 /* Pods_fileProviderDemo.framework */; };
		5759072C1D4B024900AA2C6E /* WebDAVDetailVC.swift in Sources */ = {isa = PBXBuildFile; fileRef = 5779B8B81D49E8F10003E05B /* WebDAVDetailVC.swift */; };
		5759072D1D4B024900AA2C6E /* ViewController.swift in Sources */ = {isa = PBXBuildFile; fileRef = 5779B88A1D49E4A50003E05B /* ViewController.swift */; };
		5759072E1D4B024900AA2C6E /* WebDAVTVC.swift in Sources */ = {isa = PBXBuildFile; fileRef = 5779B8B61D49E7680003E05B /* WebDAVTVC.swift */; };
		5759072F1D4B024900AA2C6E /* AppDelegate.swift in Sources */ = {isa = PBXBuildFile; fileRef = 5779B8881D49E4A50003E05B /* AppDelegate.swift */; };
		575907311D4B024900AA2C6E /* Pods_fileProviderDemo.framework in Frameworks */ = {isa = PBXBuildFile; fileRef = EE1758D4C9BA0DA25BC28FD5 /* Pods_fileProviderDemo.framework */; };
		575907331D4B024900AA2C6E /* LaunchScreen.storyboard in Resources */ = {isa = PBXBuildFile; fileRef = 5779B8911D49E4A50003E05B /* LaunchScreen.storyboard */; };
		575907341D4B024900AA2C6E /* Assets.xcassets in Resources */ = {isa = PBXBuildFile; fileRef = 5779B88F1D49E4A50003E05B /* Assets.xcassets */; };
		575907351D4B024900AA2C6E /* Main.storyboard in Resources */ = {isa = PBXBuildFile; fileRef = 5779B88C1D49E4A50003E05B /* Main.storyboard */; };
		5779B8891D49E4A50003E05B /* AppDelegate.swift in Sources */ = {isa = PBXBuildFile; fileRef = 5779B8881D49E4A50003E05B /* AppDelegate.swift */; };
		5779B88B1D49E4A50003E05B /* ViewController.swift in Sources */ = {isa = PBXBuildFile; fileRef = 5779B88A1D49E4A50003E05B /* ViewController.swift */; };
		5779B88E1D49E4A50003E05B /* Main.storyboard in Resources */ = {isa = PBXBuildFile; fileRef = 5779B88C1D49E4A50003E05B /* Main.storyboard */; };
		5779B8901D49E4A50003E05B /* Assets.xcassets in Resources */ = {isa = PBXBuildFile; fileRef = 5779B88F1D49E4A50003E05B /* Assets.xcassets */; };
		5779B8931D49E4A50003E05B /* LaunchScreen.storyboard in Resources */ = {isa = PBXBuildFile; fileRef = 5779B8911D49E4A50003E05B /* LaunchScreen.storyboard */; };
		5779B89E1D49E4A50003E05B /* fileProviderDemoTests.swift in Sources */ = {isa = PBXBuildFile; fileRef = 5779B89D1D49E4A50003E05B /* fileProviderDemoTests.swift */; };
		5779B8A91D49E4A50003E05B /* fileProviderDemoUITests.swift in Sources */ = {isa = PBXBuildFile; fileRef = 5779B8A81D49E4A50003E05B /* fileProviderDemoUITests.swift */; };
		5779B8B71D49E7680003E05B /* WebDAVTVC.swift in Sources */ = {isa = PBXBuildFile; fileRef = 5779B8B61D49E7680003E05B /* WebDAVTVC.swift */; };
		5779B8B91D49E8F10003E05B /* WebDAVDetailVC.swift in Sources */ = {isa = PBXBuildFile; fileRef = 5779B8B81D49E8F10003E05B /* WebDAVDetailVC.swift */; };
		643F462DF19C45AA9D2ACA29 /* Pods_fileProviderDemoUITests.framework in Frameworks */ = {isa = PBXBuildFile; fileRef = E64D2A89C2124AF62BCCA8FB /* Pods_fileProviderDemoUITests.framework */; };
		E0B1D317F5FBE3BA124C83AE /* Pods_fileProviderDemoTests.framework in Frameworks */ = {isa = PBXBuildFile; fileRef = 73AC3A8C181BD0F1F28669E5 /* Pods_fileProviderDemoTests.framework */; };
/* End PBXBuildFile section */

/* Begin PBXContainerItemProxy section */
		5779B89A1D49E4A50003E05B /* PBXContainerItemProxy */ = {
			isa = PBXContainerItemProxy;
			containerPortal = 5779B87D1D49E4A40003E05B /* Project object */;
			proxyType = 1;
			remoteGlobalIDString = 5779B8841D49E4A40003E05B;
			remoteInfo = fileProviderDemo;
		};
		5779B8A51D49E4A50003E05B /* PBXContainerItemProxy */ = {
			isa = PBXContainerItemProxy;
			containerPortal = 5779B87D1D49E4A40003E05B /* Project object */;
			proxyType = 1;
			remoteGlobalIDString = 5779B8841D49E4A40003E05B;
			remoteInfo = fileProviderDemo;
		};
/* End PBXContainerItemProxy section */

/* Begin PBXFileReference section */
		16414350A027AFCB4F662CD3 /* Pods-fileProviderDemoTests.debug.xcconfig */ = {isa = PBXFileReference; includeInIndex = 1; lastKnownFileType = text.xcconfig; name = "Pods-fileProviderDemoTests.debug.xcconfig"; path = "Pods/Target Support Files/Pods-fileProviderDemoTests/Pods-fileProviderDemoTests.debug.xcconfig"; sourceTree = "<group>"; };
		457AF3CE3459350BE1CD0134 /* Pods-fileProviderDemoUITests.release.xcconfig */ = {isa = PBXFileReference; includeInIndex = 1; lastKnownFileType = text.xcconfig; name = "Pods-fileProviderDemoUITests.release.xcconfig"; path = "Pods/Target Support Files/Pods-fileProviderDemoUITests/Pods-fileProviderDemoUITests.release.xcconfig"; sourceTree = "<group>"; };
		5759073B1D4B024900AA2C6E /* fileProviderDemoPerwyl.app */ = {isa = PBXFileReference; explicitFileType = wrapper.application; includeInIndex = 0; path = fileProviderDemoPerwyl.app; sourceTree = BUILT_PRODUCTS_DIR; };
		5759073C1D4B024900AA2C6E /* fileProviderDemo copy-Info.plist */ = {isa = PBXFileReference; lastKnownFileType = text.plist.xml; name = "fileProviderDemo copy-Info.plist"; path = "/Users/perwyl/Documents/Playground/fileProviderDemo/fileProviderDemo copy-Info.plist"; sourceTree = "<absolute>"; };
		5779B8851D49E4A40003E05B /* fileProviderDemo.app */ = {isa = PBXFileReference; explicitFileType = wrapper.application; includeInIndex = 0; path = fileProviderDemo.app; sourceTree = BUILT_PRODUCTS_DIR; };
		5779B8881D49E4A50003E05B /* AppDelegate.swift */ = {isa = PBXFileReference; lastKnownFileType = sourcecode.swift; path = AppDelegate.swift; sourceTree = "<group>"; };
		5779B88A1D49E4A50003E05B /* ViewController.swift */ = {isa = PBXFileReference; lastKnownFileType = sourcecode.swift; path = ViewController.swift; sourceTree = "<group>"; };
		5779B88D1D49E4A50003E05B /* Base */ = {isa = PBXFileReference; lastKnownFileType = file.storyboard; name = Base; path = Base.lproj/Main.storyboard; sourceTree = "<group>"; };
		5779B88F1D49E4A50003E05B /* Assets.xcassets */ = {isa = PBXFileReference; lastKnownFileType = folder.assetcatalog; path = Assets.xcassets; sourceTree = "<group>"; };
		5779B8921D49E4A50003E05B /* Base */ = {isa = PBXFileReference; lastKnownFileType = file.storyboard; name = Base; path = Base.lproj/LaunchScreen.storyboard; sourceTree = "<group>"; };
		5779B8941D49E4A50003E05B /* Info.plist */ = {isa = PBXFileReference; lastKnownFileType = text.plist.xml; path = Info.plist; sourceTree = "<group>"; };
		5779B8991D49E4A50003E05B /* fileProviderDemoTests.xctest */ = {isa = PBXFileReference; explicitFileType = wrapper.cfbundle; includeInIndex = 0; path = fileProviderDemoTests.xctest; sourceTree = BUILT_PRODUCTS_DIR; };
		5779B89D1D49E4A50003E05B /* fileProviderDemoTests.swift */ = {isa = PBXFileReference; lastKnownFileType = sourcecode.swift; path = fileProviderDemoTests.swift; sourceTree = "<group>"; };
		5779B89F1D49E4A50003E05B /* Info.plist */ = {isa = PBXFileReference; lastKnownFileType = text.plist.xml; path = Info.plist; sourceTree = "<group>"; };
		5779B8A41D49E4A50003E05B /* fileProviderDemoUITests.xctest */ = {isa = PBXFileReference; explicitFileType = wrapper.cfbundle; includeInIndex = 0; path = fileProviderDemoUITests.xctest; sourceTree = BUILT_PRODUCTS_DIR; };
		5779B8A81D49E4A50003E05B /* fileProviderDemoUITests.swift */ = {isa = PBXFileReference; lastKnownFileType = sourcecode.swift; path = fileProviderDemoUITests.swift; sourceTree = "<group>"; };
		5779B8AA1D49E4A50003E05B /* Info.plist */ = {isa = PBXFileReference; lastKnownFileType = text.plist.xml; path = Info.plist; sourceTree = "<group>"; };
		5779B8B61D49E7680003E05B /* WebDAVTVC.swift */ = {isa = PBXFileReference; fileEncoding = 4; lastKnownFileType = sourcecode.swift; path = WebDAVTVC.swift; sourceTree = "<group>"; };
		5779B8B81D49E8F10003E05B /* WebDAVDetailVC.swift */ = {isa = PBXFileReference; fileEncoding = 4; lastKnownFileType = sourcecode.swift; path = WebDAVDetailVC.swift; sourceTree = "<group>"; };
		73AC3A8C181BD0F1F28669E5 /* Pods_fileProviderDemoTests.framework */ = {isa = PBXFileReference; explicitFileType = wrapper.framework; includeInIndex = 0; path = Pods_fileProviderDemoTests.framework; sourceTree = BUILT_PRODUCTS_DIR; };
		8DED08515A5F12643C9CE7E7 /* Pods-fileProviderDemoTests.release.xcconfig */ = {isa = PBXFileReference; includeInIndex = 1; lastKnownFileType = text.xcconfig; name = "Pods-fileProviderDemoTests.release.xcconfig"; path = "Pods/Target Support Files/Pods-fileProviderDemoTests/Pods-fileProviderDemoTests.release.xcconfig"; sourceTree = "<group>"; };
		910AB6EEB1B613A54CC6722F /* Pods-fileProviderDemoUITests.debug.xcconfig */ = {isa = PBXFileReference; includeInIndex = 1; lastKnownFileType = text.xcconfig; name = "Pods-fileProviderDemoUITests.debug.xcconfig"; path = "Pods/Target Support Files/Pods-fileProviderDemoUITests/Pods-fileProviderDemoUITests.debug.xcconfig"; sourceTree = "<group>"; };
		D12122225E58698B00334F95 /* Pods-fileProviderDemo.debug.xcconfig */ = {isa = PBXFileReference; includeInIndex = 1; lastKnownFileType = text.xcconfig; name = "Pods-fileProviderDemo.debug.xcconfig"; path = "Pods/Target Support Files/Pods-fileProviderDemo/Pods-fileProviderDemo.debug.xcconfig"; sourceTree = "<group>"; };
		D27C9D36A3A07DFA813F894F /* Pods-fileProviderDemo.release.xcconfig */ = {isa = PBXFileReference; includeInIndex = 1; lastKnownFileType = text.xcconfig; name = "Pods-fileProviderDemo.release.xcconfig"; path = "Pods/Target Support Files/Pods-fileProviderDemo/Pods-fileProviderDemo.release.xcconfig"; sourceTree = "<group>"; };
		E64D2A89C2124AF62BCCA8FB /* Pods_fileProviderDemoUITests.framework */ = {isa = PBXFileReference; explicitFileType = wrapper.framework; includeInIndex = 0; path = Pods_fileProviderDemoUITests.framework; sourceTree = BUILT_PRODUCTS_DIR; };
		EE1758D4C9BA0DA25BC28FD5 /* Pods_fileProviderDemo.framework */ = {isa = PBXFileReference; explicitFileType = wrapper.framework; includeInIndex = 0; path = Pods_fileProviderDemo.framework; sourceTree = BUILT_PRODUCTS_DIR; };
/* End PBXFileReference section */

/* Begin PBXFrameworksBuildPhase section */
		575907301D4B024900AA2C6E /* Frameworks */ = {
			isa = PBXFrameworksBuildPhase;
			buildActionMask = 2147483647;
			files = (
				575907311D4B024900AA2C6E /* Pods_fileProviderDemo.framework in Frameworks */,
			);
			runOnlyForDeploymentPostprocessing = 0;
		};
		5779B8821D49E4A40003E05B /* Frameworks */ = {
			isa = PBXFrameworksBuildPhase;
			buildActionMask = 2147483647;
			files = (
				48E095DA774E99BA7FEB653C /* Pods_fileProviderDemo.framework in Frameworks */,
			);
			runOnlyForDeploymentPostprocessing = 0;
		};
		5779B8961D49E4A50003E05B /* Frameworks */ = {
			isa = PBXFrameworksBuildPhase;
			buildActionMask = 2147483647;
			files = (
				E0B1D317F5FBE3BA124C83AE /* Pods_fileProviderDemoTests.framework in Frameworks */,
			);
			runOnlyForDeploymentPostprocessing = 0;
		};
		5779B8A11D49E4A50003E05B /* Frameworks */ = {
			isa = PBXFrameworksBuildPhase;
			buildActionMask = 2147483647;
			files = (
				643F462DF19C45AA9D2ACA29 /* Pods_fileProviderDemoUITests.framework in Frameworks */,
			);
			runOnlyForDeploymentPostprocessing = 0;
		};
/* End PBXFrameworksBuildPhase section */

/* Begin PBXGroup section */
		5779B87C1D49E4A40003E05B = {
			isa = PBXGroup;
			children = (
				5779B8871D49E4A50003E05B /* fileProviderDemo */,
				5779B89C1D49E4A50003E05B /* fileProviderDemoTests */,
				5779B8A71D49E4A50003E05B /* fileProviderDemoUITests */,
				5779B8861D49E4A40003E05B /* Products */,
				A5114C3CB132E68162A00F82 /* Pods */,
				B678A6701541DCD19E1EC0B7 /* Frameworks */,
				5759073C1D4B024900AA2C6E /* fileProviderDemo copy-Info.plist */,
			);
			sourceTree = "<group>";
		};
		5779B8861D49E4A40003E05B /* Products */ = {
			isa = PBXGroup;
			children = (
				5779B8851D49E4A40003E05B /* fileProviderDemo.app */,
				5779B8991D49E4A50003E05B /* fileProviderDemoTests.xctest */,
				5779B8A41D49E4A50003E05B /* fileProviderDemoUITests.xctest */,
				5759073B1D4B024900AA2C6E /* fileProviderDemoPerwyl.app */,
			);
			name = Products;
			sourceTree = "<group>";
		};
		5779B8871D49E4A50003E05B /* fileProviderDemo */ = {
			isa = PBXGroup;
			children = (
				5779B8881D49E4A50003E05B /* AppDelegate.swift */,
				5779B88A1D49E4A50003E05B /* ViewController.swift */,
				5779B88C1D49E4A50003E05B /* Main.storyboard */,
				5779B88F1D49E4A50003E05B /* Assets.xcassets */,
				5779B8911D49E4A50003E05B /* LaunchScreen.storyboard */,
				5779B8941D49E4A50003E05B /* Info.plist */,
				5779B8B61D49E7680003E05B /* WebDAVTVC.swift */,
				5779B8B81D49E8F10003E05B /* WebDAVDetailVC.swift */,
			);
			path = fileProviderDemo;
			sourceTree = "<group>";
		};
		5779B89C1D49E4A50003E05B /* fileProviderDemoTests */ = {
			isa = PBXGroup;
			children = (
				5779B89D1D49E4A50003E05B /* fileProviderDemoTests.swift */,
				5779B89F1D49E4A50003E05B /* Info.plist */,
			);
			path = fileProviderDemoTests;
			sourceTree = "<group>";
		};
		5779B8A71D49E4A50003E05B /* fileProviderDemoUITests */ = {
			isa = PBXGroup;
			children = (
				5779B8A81D49E4A50003E05B /* fileProviderDemoUITests.swift */,
				5779B8AA1D49E4A50003E05B /* Info.plist */,
			);
			path = fileProviderDemoUITests;
			sourceTree = "<group>";
		};
		A5114C3CB132E68162A00F82 /* Pods */ = {
			isa = PBXGroup;
			children = (
				D12122225E58698B00334F95 /* Pods-fileProviderDemo.debug.xcconfig */,
				D27C9D36A3A07DFA813F894F /* Pods-fileProviderDemo.release.xcconfig */,
				16414350A027AFCB4F662CD3 /* Pods-fileProviderDemoTests.debug.xcconfig */,
				8DED08515A5F12643C9CE7E7 /* Pods-fileProviderDemoTests.release.xcconfig */,
				910AB6EEB1B613A54CC6722F /* Pods-fileProviderDemoUITests.debug.xcconfig */,
				457AF3CE3459350BE1CD0134 /* Pods-fileProviderDemoUITests.release.xcconfig */,
			);
			name = Pods;
			sourceTree = "<group>";
		};
		B678A6701541DCD19E1EC0B7 /* Frameworks */ = {
			isa = PBXGroup;
			children = (
				EE1758D4C9BA0DA25BC28FD5 /* Pods_fileProviderDemo.framework */,
				73AC3A8C181BD0F1F28669E5 /* Pods_fileProviderDemoTests.framework */,
				E64D2A89C2124AF62BCCA8FB /* Pods_fileProviderDemoUITests.framework */,
			);
			name = Frameworks;
			sourceTree = "<group>";
		};
/* End PBXGroup section */

/* Begin PBXNativeTarget section */
		575907291D4B024900AA2C6E /* fileProviderDemoPerwyl */ = {
			isa = PBXNativeTarget;
			buildConfigurationList = 575907381D4B024900AA2C6E /* Build configuration list for PBXNativeTarget "fileProviderDemoPerwyl" */;
			buildPhases = (
				5759072A1D4B024900AA2C6E /* [CP] Check Pods Manifest.lock */,
				5759072B1D4B024900AA2C6E /* Sources */,
				575907301D4B024900AA2C6E /* Frameworks */,
				575907321D4B024900AA2C6E /* Resources */,
				575907361D4B024900AA2C6E /* [CP] Embed Pods Frameworks */,
				575907371D4B024900AA2C6E /* [CP] Copy Pods Resources */,
				5759073D1D4B02AC00AA2C6E /* ShellScript */,
			);
			buildRules = (
			);
			dependencies = (
			);
			name = fileProviderDemoPerwyl;
			productName = fileProviderDemo;
			productReference = 5759073B1D4B024900AA2C6E /* fileProviderDemoPerwyl.app */;
			productType = "com.apple.product-type.application";
		};
		5779B8841D49E4A40003E05B /* fileProviderDemo */ = {
			isa = PBXNativeTarget;
			buildConfigurationList = 5779B8AD1D49E4A50003E05B /* Build configuration list for PBXNativeTarget "fileProviderDemo" */;
			buildPhases = (
				DE94D6118DC6048C7CEDC36A /* [CP] Check Pods Manifest.lock */,
				5779B8811D49E4A40003E05B /* Sources */,
				5779B8821D49E4A40003E05B /* Frameworks */,
				5779B8831D49E4A40003E05B /* Resources */,
				629D9DD5CFAB8E930D8478C1 /* [CP] Embed Pods Frameworks */,
				722BED3D203EC54AE4E3FB0A /* [CP] Copy Pods Resources */,
			);
			buildRules = (
			);
			dependencies = (
			);
			name = fileProviderDemo;
			productName = fileProviderDemo;
			productReference = 5779B8851D49E4A40003E05B /* fileProviderDemo.app */;
			productType = "com.apple.product-type.application";
		};
		5779B8981D49E4A50003E05B /* fileProviderDemoTests */ = {
			isa = PBXNativeTarget;
			buildConfigurationList = 5779B8B01D49E4A50003E05B /* Build configuration list for PBXNativeTarget "fileProviderDemoTests" */;
			buildPhases = (
				0BF727BCEE1F593AB20DF219 /* [CP] Check Pods Manifest.lock */,
				5779B8951D49E4A50003E05B /* Sources */,
				5779B8961D49E4A50003E05B /* Frameworks */,
				5779B8971D49E4A50003E05B /* Resources */,
				22E254457EEF5ECF1CABC393 /* [CP] Embed Pods Frameworks */,
				F7EDE0E37094A4A8F9BA1582 /* [CP] Copy Pods Resources */,
			);
			buildRules = (
			);
			dependencies = (
				5779B89B1D49E4A50003E05B /* PBXTargetDependency */,
			);
			name = fileProviderDemoTests;
			productName = fileProviderDemoTests;
			productReference = 5779B8991D49E4A50003E05B /* fileProviderDemoTests.xctest */;
			productType = "com.apple.product-type.bundle.unit-test";
		};
		5779B8A31D49E4A50003E05B /* fileProviderDemoUITests */ = {
			isa = PBXNativeTarget;
			buildConfigurationList = 5779B8B31D49E4A50003E05B /* Build configuration list for PBXNativeTarget "fileProviderDemoUITests" */;
			buildPhases = (
				6C533A2679D87CF0996007C6 /* [CP] Check Pods Manifest.lock */,
				5779B8A01D49E4A50003E05B /* Sources */,
				5779B8A11D49E4A50003E05B /* Frameworks */,
				5779B8A21D49E4A50003E05B /* Resources */,
				421F967E9961226AC3F84AC3 /* [CP] Copy Pods Resources */,
			);
			buildRules = (
			);
			dependencies = (
				5779B8A61D49E4A50003E05B /* PBXTargetDependency */,
			);
			name = fileProviderDemoUITests;
			productName = fileProviderDemoUITests;
			productReference = 5779B8A41D49E4A50003E05B /* fileProviderDemoUITests.xctest */;
			productType = "com.apple.product-type.bundle.ui-testing";
		};
/* End PBXNativeTarget section */

/* Begin PBXProject section */
		5779B87D1D49E4A40003E05B /* Project object */ = {
			isa = PBXProject;
			attributes = {
				LastSwiftUpdateCheck = 0730;
				LastUpgradeCheck = 0730;
				ORGANIZATIONNAME = perwyl;
				TargetAttributes = {
					5779B8841D49E4A40003E05B = {
						CreatedOnToolsVersion = 7.3.1;
					};
					5779B8981D49E4A50003E05B = {
						CreatedOnToolsVersion = 7.3.1;
						TestTargetID = 5779B8841D49E4A40003E05B;
					};
					5779B8A31D49E4A50003E05B = {
						CreatedOnToolsVersion = 7.3.1;
						TestTargetID = 5779B8841D49E4A40003E05B;
					};
				};
			};
			buildConfigurationList = 5779B8801D49E4A40003E05B /* Build configuration list for PBXProject "fileProviderDemo" */;
			compatibilityVersion = "Xcode 3.2";
			developmentRegion = English;
			hasScannedForEncodings = 0;
			knownRegions = (
				en,
				Base,
			);
			mainGroup = 5779B87C1D49E4A40003E05B;
			productRefGroup = 5779B8861D49E4A40003E05B /* Products */;
			projectDirPath = "";
			projectRoot = "";
			targets = (
				5779B8841D49E4A40003E05B /* fileProviderDemo */,
				5779B8981D49E4A50003E05B /* fileProviderDemoTests */,
				5779B8A31D49E4A50003E05B /* fileProviderDemoUITests */,
				575907291D4B024900AA2C6E /* fileProviderDemoPerwyl */,
			);
		};
/* End PBXProject section */

/* Begin PBXResourcesBuildPhase section */
		575907321D4B024900AA2C6E /* Resources */ = {
			isa = PBXResourcesBuildPhase;
			buildActionMask = 2147483647;
			files = (
				575907331D4B024900AA2C6E /* LaunchScreen.storyboard in Resources */,
				575907341D4B024900AA2C6E /* Assets.xcassets in Resources */,
				575907351D4B024900AA2C6E /* Main.storyboard in Resources */,
			);
			runOnlyForDeploymentPostprocessing = 0;
		};
		5779B8831D49E4A40003E05B /* Resources */ = {
			isa = PBXResourcesBuildPhase;
			buildActionMask = 2147483647;
			files = (
				5779B8931D49E4A50003E05B /* LaunchScreen.storyboard in Resources */,
				5779B8901D49E4A50003E05B /* Assets.xcassets in Resources */,
				5779B88E1D49E4A50003E05B /* Main.storyboard in Resources */,
			);
			runOnlyForDeploymentPostprocessing = 0;
		};
		5779B8971D49E4A50003E05B /* Resources */ = {
			isa = PBXResourcesBuildPhase;
			buildActionMask = 2147483647;
			files = (
			);
			runOnlyForDeploymentPostprocessing = 0;
		};
		5779B8A21D49E4A50003E05B /* Resources */ = {
			isa = PBXResourcesBuildPhase;
			buildActionMask = 2147483647;
			files = (
			);
			runOnlyForDeploymentPostprocessing = 0;
		};
/* End PBXResourcesBuildPhase section */

/* Begin PBXShellScriptBuildPhase section */
		0BF727BCEE1F593AB20DF219 /* [CP] Check Pods Manifest.lock */ = {
			isa = PBXShellScriptBuildPhase;
			buildActionMask = 2147483647;
			files = (
			);
			inputPaths = (
			);
			name = "[CP] Check Pods Manifest.lock";
			outputPaths = (
			);
			runOnlyForDeploymentPostprocessing = 0;
			shellPath = /bin/sh;
			shellScript = "diff \"${PODS_ROOT}/../Podfile.lock\" \"${PODS_ROOT}/Manifest.lock\" > /dev/null\nif [[ $? != 0 ]] ; then\n    cat << EOM\nerror: The sandbox is not in sync with the Podfile.lock. Run 'pod install' or update your CocoaPods installation.\nEOM\n    exit 1\nfi\n";
			showEnvVarsInLog = 0;
		};
		22E254457EEF5ECF1CABC393 /* [CP] Embed Pods Frameworks */ = {
			isa = PBXShellScriptBuildPhase;
			buildActionMask = 2147483647;
			files = (
			);
			inputPaths = (
			);
			name = "[CP] Embed Pods Frameworks";
			outputPaths = (
			);
			runOnlyForDeploymentPostprocessing = 0;
			shellPath = /bin/sh;
			shellScript = "\"${SRCROOT}/Pods/Target Support Files/Pods-fileProviderDemoTests/Pods-fileProviderDemoTests-frameworks.sh\"\n";
			showEnvVarsInLog = 0;
		};
		421F967E9961226AC3F84AC3 /* [CP] Copy Pods Resources */ = {
			isa = PBXShellScriptBuildPhase;
			buildActionMask = 2147483647;
			files = (
			);
			inputPaths = (
			);
			name = "[CP] Copy Pods Resources";
			outputPaths = (
			);
			runOnlyForDeploymentPostprocessing = 0;
			shellPath = /bin/sh;
			shellScript = "\"${SRCROOT}/Pods/Target Support Files/Pods-fileProviderDemoUITests/Pods-fileProviderDemoUITests-resources.sh\"\n";
			showEnvVarsInLog = 0;
		};
		5759072A1D4B024900AA2C6E /* [CP] Check Pods Manifest.lock */ = {
			isa = PBXShellScriptBuildPhase;
			buildActionMask = 2147483647;
			files = (
			);
			inputPaths = (
			);
			name = "[CP] Check Pods Manifest.lock";
			outputPaths = (
			);
			runOnlyForDeploymentPostprocessing = 0;
			shellPath = /bin/sh;
			shellScript = "diff \"${PODS_ROOT}/../Podfile.lock\" \"${PODS_ROOT}/Manifest.lock\" > /dev/null\nif [[ $? != 0 ]] ; then\n    cat << EOM\nerror: The sandbox is not in sync with the Podfile.lock. Run 'pod install' or update your CocoaPods installation.\nEOM\n    exit 1\nfi\n";
			showEnvVarsInLog = 0;
		};
		575907361D4B024900AA2C6E /* [CP] Embed Pods Frameworks */ = {
			isa = PBXShellScriptBuildPhase;
			buildActionMask = 2147483647;
			files = (
			);
			inputPaths = (
			);
			name = "[CP] Embed Pods Frameworks";
			outputPaths = (
			);
			runOnlyForDeploymentPostprocessing = 0;
			shellPath = /bin/sh;
			shellScript = "\"${SRCROOT}/Pods/Target Support Files/Pods-fileProviderDemo/Pods-fileProviderDemo-frameworks.sh\"\n";
			showEnvVarsInLog = 0;
		};
		575907371D4B024900AA2C6E /* [CP] Copy Pods Resources */ = {
			isa = PBXShellScriptBuildPhase;
			buildActionMask = 2147483647;
			files = (
			);
			inputPaths = (
			);
			name = "[CP] Copy Pods Resources";
			outputPaths = (
			);
			runOnlyForDeploymentPostprocessing = 0;
			shellPath = /bin/sh;
			shellScript = "\"${SRCROOT}/Pods/Target Support Files/Pods-fileProviderDemo/Pods-fileProviderDemo-resources.sh\"\n";
			showEnvVarsInLog = 0;
		};
		5759073D1D4B02AC00AA2C6E /* ShellScript */ = {
			isa = PBXShellScriptBuildPhase;
			buildActionMask = 2147483647;
			files = (
			);
			inputPaths = (
			);
			outputPaths = (
			);
			runOnlyForDeploymentPostprocessing = 0;
			shellPath = /bin/sh;
			shellScript = "TAGS=\"TODO:|FIXME:\"\nERRORTAG=\"ERROR:\"\nfind \"${SRCROOT}\" \\( -name \"*.h\" -or -name \"*.m\" -or -name \"*.swift\" \\) -print0 | xargs -0 egrep --with-filename --line-number --only-matching \"($TAGS).*\\$|($ERRORTAG).*\\$\" | perl -p -e \"s/($TAGS)/ warning: \\$1/\" | perl -p -e \"s/($ERRORTAG)/ error: \\$1/\"";
		};
		629D9DD5CFAB8E930D8478C1 /* [CP] Embed Pods Frameworks */ = {
			isa = PBXShellScriptBuildPhase;
			buildActionMask = 2147483647;
			files = (
			);
			inputPaths = (
			);
			name = "[CP] Embed Pods Frameworks";
			outputPaths = (
			);
			runOnlyForDeploymentPostprocessing = 0;
			shellPath = /bin/sh;
			shellScript = "\"${SRCROOT}/Pods/Target Support Files/Pods-fileProviderDemo/Pods-fileProviderDemo-frameworks.sh\"\n";
			showEnvVarsInLog = 0;
		};
		6C533A2679D87CF0996007C6 /* [CP] Check Pods Manifest.lock */ = {
			isa = PBXShellScriptBuildPhase;
			buildActionMask = 2147483647;
			files = (
			);
			inputPaths = (
			);
			name = "[CP] Check Pods Manifest.lock";
			outputPaths = (
			);
			runOnlyForDeploymentPostprocessing = 0;
			shellPath = /bin/sh;
			shellScript = "diff \"${PODS_ROOT}/../Podfile.lock\" \"${PODS_ROOT}/Manifest.lock\" > /dev/null\nif [[ $? != 0 ]] ; then\n    cat << EOM\nerror: The sandbox is not in sync with the Podfile.lock. Run 'pod install' or update your CocoaPods installation.\nEOM\n    exit 1\nfi\n";
			showEnvVarsInLog = 0;
		};
		722BED3D203EC54AE4E3FB0A /* [CP] Copy Pods Resources */ = {
			isa = PBXShellScriptBuildPhase;
			buildActionMask = 2147483647;
			files = (
			);
			inputPaths = (
			);
			name = "[CP] Copy Pods Resources";
			outputPaths = (
			);
			runOnlyForDeploymentPostprocessing = 0;
			shellPath = /bin/sh;
			shellScript = "\"${SRCROOT}/Pods/Target Support Files/Pods-fileProviderDemo/Pods-fileProviderDemo-resources.sh\"\n";
			showEnvVarsInLog = 0;
		};
		DE94D6118DC6048C7CEDC36A /* [CP] Check Pods Manifest.lock */ = {
			isa = PBXShellScriptBuildPhase;
			buildActionMask = 2147483647;
			files = (
			);
			inputPaths = (
			);
			name = "[CP] Check Pods Manifest.lock";
			outputPaths = (
			);
			runOnlyForDeploymentPostprocessing = 0;
			shellPath = /bin/sh;
			shellScript = "diff \"${PODS_ROOT}/../Podfile.lock\" \"${PODS_ROOT}/Manifest.lock\" > /dev/null\nif [[ $? != 0 ]] ; then\n    cat << EOM\nerror: The sandbox is not in sync with the Podfile.lock. Run 'pod install' or update your CocoaPods installation.\nEOM\n    exit 1\nfi\n";
			showEnvVarsInLog = 0;
		};
		F7EDE0E37094A4A8F9BA1582 /* [CP] Copy Pods Resources */ = {
			isa = PBXShellScriptBuildPhase;
			buildActionMask = 2147483647;
			files = (
			);
			inputPaths = (
			);
			name = "[CP] Copy Pods Resources";
			outputPaths = (
			);
			runOnlyForDeploymentPostprocessing = 0;
			shellPath = /bin/sh;
			shellScript = "\"${SRCROOT}/Pods/Target Support Files/Pods-fileProviderDemoTests/Pods-fileProviderDemoTests-resources.sh\"\n";
			showEnvVarsInLog = 0;
		};
/* End PBXShellScriptBuildPhase section */

/* Begin PBXSourcesBuildPhase section */
		5759072B1D4B024900AA2C6E /* Sources */ = {
			isa = PBXSourcesBuildPhase;
			buildActionMask = 2147483647;
			files = (
				5759072C1D4B024900AA2C6E /* WebDAVDetailVC.swift in Sources */,
				5759072D1D4B024900AA2C6E /* ViewController.swift in Sources */,
				5759072E1D4B024900AA2C6E /* WebDAVTVC.swift in Sources */,
				5759072F1D4B024900AA2C6E /* AppDelegate.swift in Sources */,
			);
			runOnlyForDeploymentPostprocessing = 0;
		};
		5779B8811D49E4A40003E05B /* Sources */ = {
			isa = PBXSourcesBuildPhase;
			buildActionMask = 2147483647;
			files = (
				5779B8B91D49E8F10003E05B /* WebDAVDetailVC.swift in Sources */,
				5779B88B1D49E4A50003E05B /* ViewController.swift in Sources */,
				5779B8B71D49E7680003E05B /* WebDAVTVC.swift in Sources */,
				5779B8891D49E4A50003E05B /* AppDelegate.swift in Sources */,
			);
			runOnlyForDeploymentPostprocessing = 0;
		};
		5779B8951D49E4A50003E05B /* Sources */ = {
			isa = PBXSourcesBuildPhase;
			buildActionMask = 2147483647;
			files = (
				5779B89E1D49E4A50003E05B /* fileProviderDemoTests.swift in Sources */,
			);
			runOnlyForDeploymentPostprocessing = 0;
		};
		5779B8A01D49E4A50003E05B /* Sources */ = {
			isa = PBXSourcesBuildPhase;
			buildActionMask = 2147483647;
			files = (
				5779B8A91D49E4A50003E05B /* fileProviderDemoUITests.swift in Sources */,
			);
			runOnlyForDeploymentPostprocessing = 0;
		};
/* End PBXSourcesBuildPhase section */

/* Begin PBXTargetDependency section */
		5779B89B1D49E4A50003E05B /* PBXTargetDependency */ = {
			isa = PBXTargetDependency;
			target = 5779B8841D49E4A40003E05B /* fileProviderDemo */;
			targetProxy = 5779B89A1D49E4A50003E05B /* PBXContainerItemProxy */;
		};
		5779B8A61D49E4A50003E05B /* PBXTargetDependency */ = {
			isa = PBXTargetDependency;
			target = 5779B8841D49E4A40003E05B /* fileProviderDemo */;
			targetProxy = 5779B8A51D49E4A50003E05B /* PBXContainerItemProxy */;
		};
/* End PBXTargetDependency section */

/* Begin PBXVariantGroup section */
		5779B88C1D49E4A50003E05B /* Main.storyboard */ = {
			isa = PBXVariantGroup;
			children = (
				5779B88D1D49E4A50003E05B /* Base */,
			);
			name = Main.storyboard;
			sourceTree = "<group>";
		};
		5779B8911D49E4A50003E05B /* LaunchScreen.storyboard */ = {
			isa = PBXVariantGroup;
			children = (
				5779B8921D49E4A50003E05B /* Base */,
			);
			name = LaunchScreen.storyboard;
			sourceTree = "<group>";
		};
/* End PBXVariantGroup section */

/* Begin XCBuildConfiguration section */
		575907391D4B024900AA2C6E /* Debug */ = {
			isa = XCBuildConfiguration;
			baseConfigurationReference = D12122225E58698B00334F95 /* Pods-fileProviderDemo.debug.xcconfig */;
			buildSettings = {
				ASSETCATALOG_COMPILER_APPICON_NAME = AppIcon;
				INFOPLIST_FILE = "fileProviderDemo copy-Info.plist";
				LD_RUNPATH_SEARCH_PATHS = "$(inherited) @executable_path/Frameworks";
				OTHER_SWIFT_FLAGS = "$(inherited) \"-D\" \"COCOAPODS\" -DPERWYL";
				PRODUCT_BUNDLE_IDENTIFIER = perwyl.fileProviderDemo;
				PRODUCT_NAME = "$(TARGET_NAME)";
			};
			name = Debug;
		};
		5759073A1D4B024900AA2C6E /* Release */ = {
			isa = XCBuildConfiguration;
			baseConfigurationReference = D27C9D36A3A07DFA813F894F /* Pods-fileProviderDemo.release.xcconfig */;
			buildSettings = {
				ASSETCATALOG_COMPILER_APPICON_NAME = AppIcon;
				INFOPLIST_FILE = "fileProviderDemo copy-Info.plist";
				LD_RUNPATH_SEARCH_PATHS = "$(inherited) @executable_path/Frameworks";
				OTHER_SWIFT_FLAGS = "$(inherited) \"-D\" \"COCOAPODS\" -DPERWYL";
				PRODUCT_BUNDLE_IDENTIFIER = perwyl.fileProviderDemo;
				PRODUCT_NAME = "$(TARGET_NAME)";
			};
			name = Release;
		};
		5779B8AB1D49E4A50003E05B /* Debug */ = {
			isa = XCBuildConfiguration;
			buildSettings = {
				ALWAYS_SEARCH_USER_PATHS = NO;
				CLANG_ANALYZER_NONNULL = YES;
				CLANG_CXX_LANGUAGE_STANDARD = "gnu++0x";
				CLANG_CXX_LIBRARY = "libc++";
				CLANG_ENABLE_MODULES = YES;
				CLANG_ENABLE_OBJC_ARC = YES;
				CLANG_WARN_BOOL_CONVERSION = YES;
				CLANG_WARN_CONSTANT_CONVERSION = YES;
				CLANG_WARN_DIRECT_OBJC_ISA_USAGE = YES_ERROR;
				CLANG_WARN_EMPTY_BODY = YES;
				CLANG_WARN_ENUM_CONVERSION = YES;
				CLANG_WARN_INT_CONVERSION = YES;
				CLANG_WARN_OBJC_ROOT_CLASS = YES_ERROR;
				CLANG_WARN_UNREACHABLE_CODE = YES;
				CLANG_WARN__DUPLICATE_METHOD_MATCH = YES;
				"CODE_SIGN_IDENTITY[sdk=iphoneos*]" = "iPhone Developer";
				COPY_PHASE_STRIP = NO;
				DEBUG_INFORMATION_FORMAT = dwarf;
				ENABLE_STRICT_OBJC_MSGSEND = YES;
				ENABLE_TESTABILITY = YES;
				GCC_C_LANGUAGE_STANDARD = gnu99;
				GCC_DYNAMIC_NO_PIC = NO;
				GCC_NO_COMMON_BLOCKS = YES;
				GCC_OPTIMIZATION_LEVEL = 0;
				GCC_PREPROCESSOR_DEFINITIONS = (
					"DEBUG=1",
					"$(inherited)",
				);
				GCC_WARN_64_TO_32_BIT_CONVERSION = YES;
				GCC_WARN_ABOUT_RETURN_TYPE = YES_ERROR;
				GCC_WARN_UNDECLARED_SELECTOR = YES;
				GCC_WARN_UNINITIALIZED_AUTOS = YES_AGGRESSIVE;
				GCC_WARN_UNUSED_FUNCTION = YES;
				GCC_WARN_UNUSED_VARIABLE = YES;
				IPHONEOS_DEPLOYMENT_TARGET = 9.3;
				MTL_ENABLE_DEBUG_INFO = YES;
				ONLY_ACTIVE_ARCH = YES;
				SDKROOT = iphoneos;
				SWIFT_OPTIMIZATION_LEVEL = "-Onone";
				TARGETED_DEVICE_FAMILY = "1,2";
			};
			name = Debug;
		};
		5779B8AC1D49E4A50003E05B /* Release */ = {
			isa = XCBuildConfiguration;
			buildSettings = {
				ALWAYS_SEARCH_USER_PATHS = NO;
				CLANG_ANALYZER_NONNULL = YES;
				CLANG_CXX_LANGUAGE_STANDARD = "gnu++0x";
				CLANG_CXX_LIBRARY = "libc++";
				CLANG_ENABLE_MODULES = YES;
				CLANG_ENABLE_OBJC_ARC = YES;
				CLANG_WARN_BOOL_CONVERSION = YES;
				CLANG_WARN_CONSTANT_CONVERSION = YES;
				CLANG_WARN_DIRECT_OBJC_ISA_USAGE = YES_ERROR;
				CLANG_WARN_EMPTY_BODY = YES;
				CLANG_WARN_ENUM_CONVERSION = YES;
				CLANG_WARN_INT_CONVERSION = YES;
				CLANG_WARN_OBJC_ROOT_CLASS = YES_ERROR;
				CLANG_WARN_UNREACHABLE_CODE = YES;
				CLANG_WARN__DUPLICATE_METHOD_MATCH = YES;
				"CODE_SIGN_IDENTITY[sdk=iphoneos*]" = "iPhone Developer";
				COPY_PHASE_STRIP = NO;
				DEBUG_INFORMATION_FORMAT = "dwarf-with-dsym";
				ENABLE_NS_ASSERTIONS = NO;
				ENABLE_STRICT_OBJC_MSGSEND = YES;
				GCC_C_LANGUAGE_STANDARD = gnu99;
				GCC_NO_COMMON_BLOCKS = YES;
				GCC_WARN_64_TO_32_BIT_CONVERSION = YES;
				GCC_WARN_ABOUT_RETURN_TYPE = YES_ERROR;
				GCC_WARN_UNDECLARED_SELECTOR = YES;
				GCC_WARN_UNINITIALIZED_AUTOS = YES_AGGRESSIVE;
				GCC_WARN_UNUSED_FUNCTION = YES;
				GCC_WARN_UNUSED_VARIABLE = YES;
				IPHONEOS_DEPLOYMENT_TARGET = 9.3;
				MTL_ENABLE_DEBUG_INFO = NO;
				SDKROOT = iphoneos;
				TARGETED_DEVICE_FAMILY = "1,2";
				VALIDATE_PRODUCT = YES;
			};
			name = Release;
		};
		5779B8AE1D49E4A50003E05B /* Debug */ = {
			isa = XCBuildConfiguration;
			baseConfigurationReference = D12122225E58698B00334F95 /* Pods-fileProviderDemo.debug.xcconfig */;
			buildSettings = {
				ASSETCATALOG_COMPILER_APPICON_NAME = AppIcon;
				INFOPLIST_FILE = fileProviderDemo/Info.plist;
				LD_RUNPATH_SEARCH_PATHS = "$(inherited) @executable_path/Frameworks";
				PRODUCT_BUNDLE_IDENTIFIER = perwyl.fileProviderDemo;
				PRODUCT_NAME = "$(TARGET_NAME)";
			};
			name = Debug;
		};
		5779B8AF1D49E4A50003E05B /* Release */ = {
			isa = XCBuildConfiguration;
			baseConfigurationReference = D27C9D36A3A07DFA813F894F /* Pods-fileProviderDemo.release.xcconfig */;
			buildSettings = {
				ASSETCATALOG_COMPILER_APPICON_NAME = AppIcon;
				INFOPLIST_FILE = fileProviderDemo/Info.plist;
				LD_RUNPATH_SEARCH_PATHS = "$(inherited) @executable_path/Frameworks";
				PRODUCT_BUNDLE_IDENTIFIER = perwyl.fileProviderDemo;
				PRODUCT_NAME = "$(TARGET_NAME)";
			};
			name = Release;
		};
		5779B8B11D49E4A50003E05B /* Debug */ = {
			isa = XCBuildConfiguration;
			baseConfigurationReference = 16414350A027AFCB4F662CD3 /* Pods-fileProviderDemoTests.debug.xcconfig */;
			buildSettings = {
				BUNDLE_LOADER = "$(TEST_HOST)";
				INFOPLIST_FILE = fileProviderDemoTests/Info.plist;
				LD_RUNPATH_SEARCH_PATHS = "$(inherited) @executable_path/Frameworks @loader_path/Frameworks";
				PRODUCT_BUNDLE_IDENTIFIER = perwyl.fileProviderDemoTests;
				PRODUCT_NAME = "$(TARGET_NAME)";
				TEST_HOST = "$(BUILT_PRODUCTS_DIR)/fileProviderDemo.app/fileProviderDemo";
			};
			name = Debug;
		};
		5779B8B21D49E4A50003E05B /* Release */ = {
			isa = XCBuildConfiguration;
			baseConfigurationReference = 8DED08515A5F12643C9CE7E7 /* Pods-fileProviderDemoTests.release.xcconfig */;
			buildSettings = {
				BUNDLE_LOADER = "$(TEST_HOST)";
				INFOPLIST_FILE = fileProviderDemoTests/Info.plist;
				LD_RUNPATH_SEARCH_PATHS = "$(inherited) @executable_path/Frameworks @loader_path/Frameworks";
				PRODUCT_BUNDLE_IDENTIFIER = perwyl.fileProviderDemoTests;
				PRODUCT_NAME = "$(TARGET_NAME)";
				TEST_HOST = "$(BUILT_PRODUCTS_DIR)/fileProviderDemo.app/fileProviderDemo";
			};
			name = Release;
		};
		5779B8B41D49E4A50003E05B /* Debug */ = {
			isa = XCBuildConfiguration;
			baseConfigurationReference = 910AB6EEB1B613A54CC6722F /* Pods-fileProviderDemoUITests.debug.xcconfig */;
			buildSettings = {
				INFOPLIST_FILE = fileProviderDemoUITests/Info.plist;
				LD_RUNPATH_SEARCH_PATHS = "$(inherited) @executable_path/Frameworks @loader_path/Frameworks";
				PRODUCT_BUNDLE_IDENTIFIER = perwyl.fileProviderDemoUITests;
				PRODUCT_NAME = "$(TARGET_NAME)";
				TEST_TARGET_NAME = fileProviderDemo;
			};
			name = Debug;
		};
		5779B8B51D49E4A50003E05B /* Release */ = {
			isa = XCBuildConfiguration;
			baseConfigurationReference = 457AF3CE3459350BE1CD0134 /* Pods-fileProviderDemoUITests.release.xcconfig */;
			buildSettings = {
				INFOPLIST_FILE = fileProviderDemoUITests/Info.plist;
				LD_RUNPATH_SEARCH_PATHS = "$(inherited) @executable_path/Frameworks @loader_path/Frameworks";
				PRODUCT_BUNDLE_IDENTIFIER = perwyl.fileProviderDemoUITests;
				PRODUCT_NAME = "$(TARGET_NAME)";
				TEST_TARGET_NAME = fileProviderDemo;
			};
			name = Release;
		};
/* End XCBuildConfiguration section */

/* Begin XCConfigurationList section */
		575907381D4B024900AA2C6E /* Build configuration list for PBXNativeTarget "fileProviderDemoPerwyl" */ = {
			isa = XCConfigurationList;
			buildConfigurations = (
				575907391D4B024900AA2C6E /* Debug */,
				5759073A1D4B024900AA2C6E /* Release */,
			);
			defaultConfigurationIsVisible = 0;
			defaultConfigurationName = Release;
		};
		5779B8801D49E4A40003E05B /* Build configuration list for PBXProject "fileProviderDemo" */ = {
			isa = XCConfigurationList;
			buildConfigurations = (
				5779B8AB1D49E4A50003E05B /* Debug */,
				5779B8AC1D49E4A50003E05B /* Release */,
			);
			defaultConfigurationIsVisible = 0;
			defaultConfigurationName = Release;
		};
		5779B8AD1D49E4A50003E05B /* Build configuration list for PBXNativeTarget "fileProviderDemo" */ = {
			isa = XCConfigurationList;
			buildConfigurations = (
				5779B8AE1D49E4A50003E05B /* Debug */,
				5779B8AF1D49E4A50003E05B /* Release */,
			);
			defaultConfigurationIsVisible = 0;
			defaultConfigurationName = Release;
		};
		5779B8B01D49E4A50003E05B /* Build configuration list for PBXNativeTarget "fileProviderDemoTests" */ = {
			isa = XCConfigurationList;
			buildConfigurations = (
				5779B8B11D49E4A50003E05B /* Debug */,
				5779B8B21D49E4A50003E05B /* Release */,
			);
			defaultConfigurationIsVisible = 0;
			defaultConfigurationName = Release;
		};
		5779B8B31D49E4A50003E05B /* Build configuration list for PBXNativeTarget "fileProviderDemoUITests" */ = {
			isa = XCConfigurationList;
			buildConfigurations = (
				5779B8B41D49E4A50003E05B /* Debug */,
				5779B8B51D49E4A50003E05B /* Release */,
			);
			defaultConfigurationIsVisible = 0;
			defaultConfigurationName = Release;
		};
/* End XCConfigurationList section */
	};
	rootObject = 5779B87D1D49E4A40003E05B /* Project object */;
}
